{
    "_meta": {
        "hash": {
            "sha256": "611d17dbe4e01227d3b0999ce6487b493ebb27c7acad42e06de710a4714faef6"
        },
        "pipfile-spec": 6,
        "requires": {
            "python_version": "3.9"
        },
        "sources": [
            {
                "name": "pypi",
                "url": "https://pypi.org/simple",
                "verify_ssl": true
            }
        ]
    },
    "default": {
        "arrow": {
            "hashes": [
                "sha256:3934b30ca1b9f292376d9db15b19446088d12ec58629bc3f0da28fd55fb633a1",
                "sha256:5a49ab92e3b7b71d96cd6bfcc4df14efefc9dfa96ea19045815914a6ab6b1fe2"
            ],
            "index": "pypi",
            "markers": "python_version >= '3.6'",
            "version": "==1.2.3"
        },
        "asgiref": {
            "hashes": [
                "sha256:89b2ef2247e3b562a16eef663bc0e2e703ec6468e2fa8a5cd61cd449786d4f6e",
                "sha256:9e0ce3aa93a819ba5b45120216b23878cf6e8525eb3848653452b4192b92afed"
            ],
            "markers": "python_version >= '3.7'",
            "version": "==3.7.2"
        },
        "bugsnag": {
            "hashes": [
                "sha256:c0cbc68e7c71fab170bd55871bbd9af4035a7cc72cb4d3921a84bda16c7a6776",
                "sha256:d6fb680e6cae95f1f760374ca13f6a045691778f279d3042b74896b90b64de2c"
            ],
            "index": "pypi",
            "markers": "python_version >= '3.5' and python_version < '4'",
            "version": "==4.4.0"
        },
        "certifi": {
            "hashes": [
                "sha256:539cc1d13202e33ca466e88b2807e29f4c13049d6d87031a3c110744495cb082",
                "sha256:92d6037539857d8206b8f6ae472e8b77db8058fec5937a1ef3f54304089edbb9"
            ],
            "markers": "python_version >= '3.6'",
            "version": "==2023.7.22"
        },
        "charset-normalizer": {
            "hashes": [
                "sha256:02673e456dc5ab13659f85196c534dc596d4ef260e4d86e856c3b2773ce09843",
                "sha256:02af06682e3590ab952599fbadac535ede5d60d78848e555aa58d0c0abbde786",
                "sha256:03680bb39035fbcffe828eae9c3f8afc0428c91d38e7d61aa992ef7a59fb120e",
                "sha256:0570d21da019941634a531444364f2482e8db0b3425fcd5ac0c36565a64142c8",
                "sha256:09c77f964f351a7369cc343911e0df63e762e42bac24cd7d18525961c81754f4",
                "sha256:0d3d5b7db9ed8a2b11a774db2bbea7ba1884430a205dbd54a32d61d7c2a190fa",
                "sha256:1063da2c85b95f2d1a430f1c33b55c9c17ffaf5e612e10aeaad641c55a9e2b9d",
                "sha256:12ebea541c44fdc88ccb794a13fe861cc5e35d64ed689513a5c03d05b53b7c82",
                "sha256:153e7b6e724761741e0974fc4dcd406d35ba70b92bfe3fedcb497226c93b9da7",
                "sha256:15b26ddf78d57f1d143bdf32e820fd8935d36abe8a25eb9ec0b5a71c82eb3895",
                "sha256:1872d01ac8c618a8da634e232f24793883d6e456a66593135aeafe3784b0848d",
                "sha256:187d18082694a29005ba2944c882344b6748d5be69e3a89bf3cc9d878e548d5a",
                "sha256:1b2919306936ac6efb3aed1fbf81039f7087ddadb3160882a57ee2ff74fd2382",
                "sha256:232ac332403e37e4a03d209a3f92ed9071f7d3dbda70e2a5e9cff1c4ba9f0678",
                "sha256:23e8565ab7ff33218530bc817922fae827420f143479b753104ab801145b1d5b",
                "sha256:24817cb02cbef7cd499f7c9a2735286b4782bd47a5b3516a0e84c50eab44b98e",
                "sha256:249c6470a2b60935bafd1d1d13cd613f8cd8388d53461c67397ee6a0f5dce741",
                "sha256:24a91a981f185721542a0b7c92e9054b7ab4fea0508a795846bc5b0abf8118d4",
                "sha256:2502dd2a736c879c0f0d3e2161e74d9907231e25d35794584b1ca5284e43f596",
                "sha256:250c9eb0f4600361dd80d46112213dff2286231d92d3e52af1e5a6083d10cad9",
                "sha256:278c296c6f96fa686d74eb449ea1697f3c03dc28b75f873b65b5201806346a69",
                "sha256:2935ffc78db9645cb2086c2f8f4cfd23d9b73cc0dc80334bc30aac6f03f68f8c",
                "sha256:2f4a0033ce9a76e391542c182f0d48d084855b5fcba5010f707c8e8c34663d77",
                "sha256:30a85aed0b864ac88309b7d94be09f6046c834ef60762a8833b660139cfbad13",
                "sha256:380c4bde80bce25c6e4f77b19386f5ec9db230df9f2f2ac1e5ad7af2caa70459",
                "sha256:3ae38d325b512f63f8da31f826e6cb6c367336f95e418137286ba362925c877e",
                "sha256:3b447982ad46348c02cb90d230b75ac34e9886273df3a93eec0539308a6296d7",
                "sha256:3debd1150027933210c2fc321527c2299118aa929c2f5a0a80ab6953e3bd1908",
                "sha256:4162918ef3098851fcd8a628bf9b6a98d10c380725df9e04caf5ca6dd48c847a",
                "sha256:468d2a840567b13a590e67dd276c570f8de00ed767ecc611994c301d0f8c014f",
                "sha256:4cc152c5dd831641e995764f9f0b6589519f6f5123258ccaca8c6d34572fefa8",
                "sha256:542da1178c1c6af8873e143910e2269add130a299c9106eef2594e15dae5e482",
                "sha256:557b21a44ceac6c6b9773bc65aa1b4cc3e248a5ad2f5b914b91579a32e22204d",
                "sha256:5707a746c6083a3a74b46b3a631d78d129edab06195a92a8ece755aac25a3f3d",
                "sha256:588245972aca710b5b68802c8cad9edaa98589b1b42ad2b53accd6910dad3545",
                "sha256:5adf257bd58c1b8632046bbe43ee38c04e1038e9d37de9c57a94d6bd6ce5da34",
                "sha256:619d1c96099be5823db34fe89e2582b336b5b074a7f47f819d6b3a57ff7bdb86",
                "sha256:63563193aec44bce707e0c5ca64ff69fa72ed7cf34ce6e11d5127555756fd2f6",
                "sha256:67b8cc9574bb518ec76dc8e705d4c39ae78bb96237cb533edac149352c1f39fe",
                "sha256:6a685067d05e46641d5d1623d7c7fdf15a357546cbb2f71b0ebde91b175ffc3e",
                "sha256:70f1d09c0d7748b73290b29219e854b3207aea922f839437870d8cc2168e31cc",
                "sha256:750b446b2ffce1739e8578576092179160f6d26bd5e23eb1789c4d64d5af7dc7",
                "sha256:7966951325782121e67c81299a031f4c115615e68046f79b85856b86ebffc4cd",
                "sha256:7b8b8bf1189b3ba9b8de5c8db4d541b406611a71a955bbbd7385bbc45fcb786c",
                "sha256:7f5d10bae5d78e4551b7be7a9b29643a95aded9d0f602aa2ba584f0388e7a557",
                "sha256:805dfea4ca10411a5296bcc75638017215a93ffb584c9e344731eef0dcfb026a",
                "sha256:81bf654678e575403736b85ba3a7867e31c2c30a69bc57fe88e3ace52fb17b89",
                "sha256:82eb849f085624f6a607538ee7b83a6d8126df6d2f7d3b319cb837b289123078",
                "sha256:85a32721ddde63c9df9ebb0d2045b9691d9750cb139c161c80e500d210f5e26e",
                "sha256:86d1f65ac145e2c9ed71d8ffb1905e9bba3a91ae29ba55b4c46ae6fc31d7c0d4",
                "sha256:86f63face3a527284f7bb8a9d4f78988e3c06823f7bea2bd6f0e0e9298ca0403",
                "sha256:8eaf82f0eccd1505cf39a45a6bd0a8cf1c70dcfc30dba338207a969d91b965c0",
                "sha256:93aa7eef6ee71c629b51ef873991d6911b906d7312c6e8e99790c0f33c576f89",
                "sha256:96c2b49eb6a72c0e4991d62406e365d87067ca14c1a729a870d22354e6f68115",
                "sha256:9cf3126b85822c4e53aa28c7ec9869b924d6fcfb76e77a45c44b83d91afd74f9",
                "sha256:9fe359b2e3a7729010060fbca442ca225280c16e923b37db0e955ac2a2b72a05",
                "sha256:a0ac5e7015a5920cfce654c06618ec40c33e12801711da6b4258af59a8eff00a",
                "sha256:a3f93dab657839dfa61025056606600a11d0b696d79386f974e459a3fbc568ec",
                "sha256:a4b71f4d1765639372a3b32d2638197f5cd5221b19531f9245fcc9ee62d38f56",
                "sha256:aae32c93e0f64469f74ccc730a7cb21c7610af3a775157e50bbd38f816536b38",
                "sha256:aaf7b34c5bc56b38c931a54f7952f1ff0ae77a2e82496583b247f7c969eb1479",
                "sha256:abecce40dfebbfa6abf8e324e1860092eeca6f7375c8c4e655a8afb61af58f2c",
                "sha256:abf0d9f45ea5fb95051c8bfe43cb40cda383772f7e5023a83cc481ca2604d74e",
                "sha256:ac71b2977fb90c35d41c9453116e283fac47bb9096ad917b8819ca8b943abecd",
                "sha256:ada214c6fa40f8d800e575de6b91a40d0548139e5dc457d2ebb61470abf50186",
                "sha256:b09719a17a2301178fac4470d54b1680b18a5048b481cb8890e1ef820cb80455",
                "sha256:b1121de0e9d6e6ca08289583d7491e7fcb18a439305b34a30b20d8215922d43c",
                "sha256:b3b2316b25644b23b54a6f6401074cebcecd1244c0b8e80111c9a3f1c8e83d65",
                "sha256:b3d9b48ee6e3967b7901c052b670c7dda6deb812c309439adaffdec55c6d7b78",
                "sha256:b5bcf60a228acae568e9911f410f9d9e0d43197d030ae5799e20dca8df588287",
                "sha256:b8f3307af845803fb0b060ab76cf6dd3a13adc15b6b451f54281d25911eb92df",
                "sha256:c2af80fb58f0f24b3f3adcb9148e6203fa67dd3f61c4af146ecad033024dde43",
                "sha256:c350354efb159b8767a6244c166f66e67506e06c8924ed74669b2c70bc8735b1",
                "sha256:c5a74c359b2d47d26cdbbc7845e9662d6b08a1e915eb015d044729e92e7050b7",
                "sha256:c71f16da1ed8949774ef79f4a0260d28b83b3a50c6576f8f4f0288d109777989",
                "sha256:d47ecf253780c90ee181d4d871cd655a789da937454045b17b5798da9393901a",
                "sha256:d7eff0f27edc5afa9e405f7165f85a6d782d308f3b6b9d96016c010597958e63",
                "sha256:d97d85fa63f315a8bdaba2af9a6a686e0eceab77b3089af45133252618e70884",
                "sha256:db756e48f9c5c607b5e33dd36b1d5872d0422e960145b08ab0ec7fd420e9d649",
                "sha256:dc45229747b67ffc441b3de2f3ae5e62877a282ea828a5bdb67883c4ee4a8810",
                "sha256:e0fc42822278451bc13a2e8626cf2218ba570f27856b536e00cfa53099724828",
                "sha256:e39c7eb31e3f5b1f88caff88bcff1b7f8334975b46f6ac6e9fc725d829bc35d4",
                "sha256:e46cd37076971c1040fc8c41273a8b3e2c624ce4f2be3f5dfcb7a430c1d3acc2",
                "sha256:e5c1502d4ace69a179305abb3f0bb6141cbe4714bc9b31d427329a95acfc8bdd",
                "sha256:edfe077ab09442d4ef3c52cb1f9dab89bff02f4524afc0acf2d46be17dc479f5",
                "sha256:effe5406c9bd748a871dbcaf3ac69167c38d72db8c9baf3ff954c344f31c4cbe",
                "sha256:f0d1e3732768fecb052d90d62b220af62ead5748ac51ef61e7b32c266cac9293",
                "sha256:f5969baeaea61c97efa706b9b107dcba02784b1601c74ac84f2a532ea079403e",
                "sha256:f8888e31e3a85943743f8fc15e71536bda1c81d5aa36d014a3c0c44481d7db6e",
                "sha256:fc52b79d83a3fe3a360902d3f5d79073a993597d48114c29485e9431092905d8"
            ],
            "markers": "python_full_version >= '3.7.0'",
            "version": "==3.3.0"
        },
        "dj-database-url": {
            "hashes": [
                "sha256:4aeaeb1f573c74835b0686a2b46b85990571159ffc21aa57ecd4d1e1cb334163",
                "sha256:851785365761ebe4994a921b433062309eb882fedd318e1b0fcecc607ed02da9"
            ],
            "version": "==0.5.0"
        },
        "django": {
            "hashes": [
                "sha256:0fabc786489af16ad87a8c170ba9d42bfd23f7b699bd5ef05675864e8d012859",
                "sha256:72a4a5a136a214c39cf016ccdd6b69e2aa08c7479c66d93f3a9b5e4bb9d8a347"
            ],
            "index": "pypi",
            "markers": "python_version >= '3.6'",
            "version": "==3.1.14"
        },
        "django-anymail": {
            "hashes": [
                "sha256:9058c1009adbd926213fb2f18d20a8592e23c63f845a4aaa63c51b6476a4638a",
                "sha256:969ea878da44b54ef2229241da9f0e9a72886c9dea14186ba6733939b63320f4"
            ],
            "index": "pypi",
            "version": "==2.2"
        },
        "django-grappelli": {
            "hashes": [
                "sha256:c299a91551320eebe8fd1bb3e9224a248e72c0b3b90d69f6646a3b683079bd6f",
                "sha256:f466c484e04309ac7b7a3591ba37b9b49d3055858f2b3739405b2c18d1e975b7"
            ],
            "index": "pypi",
            "version": "==3.0.5"
        },
        "django-sesame": {
            "hashes": [
                "sha256:4f232ba1c3642b4eef23257af9a2feac36970457d2940f4083c48c6a3d9cb0a3",
                "sha256:b0570b610ec2f3602ff12d43b5bca41c4a37a3079e6a0170ceccc69689446b87"
            ],
            "index": "pypi",
            "markers": "python_version >= '3.6' and python_version < '4.0'",
            "version": "==2.4"
        },
        "djangorestframework": {
            "hashes": [
                "sha256:0209bafcb7b5010fdfec784034f059d512256424de2a0f084cb82b096d6dd6a7",
                "sha256:0898182b4737a7b584a2c73735d89816343369f259fea932d90dc78e35d8ac33"
            ],
            "index": "pypi",
            "markers": "python_version >= '3.5'",
            "version": "==3.12.2"
        },
        "faker": {
            "hashes": [
                "sha256:4c98c42984db54be2246d40e6407cd983db7b1511a70eaff64c3f383a51bace6",
                "sha256:9bd71833146b844d848791b79720c7806108130c9603c7074123b3f77b4e97a1"
            ],
            "index": "pypi",
            "markers": "python_version >= '3.7'",
            "version": "==18.3.1"
        },
        "gunicorn": {
            "hashes": [
                "sha256:350679f91b24062c86e386e198a15438d53a7a8207235a78ba1b53df4c4378d9",
                "sha256:4a0b436239ff76fb33f11c07a16482c521a7e09c1ce3cc293c2330afe01bec63"
            ],
            "index": "pypi",
            "markers": "python_version >= '3.7'",
            "version": "==22.0.0"
        },
        "idna": {
            "hashes": [
                "sha256:028ff3aadf0609c1fd278d8ea3089299412a7a8b9bd005dd08b9f8285bcb5cfc",
                "sha256:82fee1fc78add43492d3a1898bfa6d8a904cc97d8427f683ed8e798d07761aa0"
            ],
            "index": "pypi",
            "markers": "python_version >= '3.5'",
            "version": "==3.7"
        },
        "minilog": {
            "hashes": [
                "sha256:3121e5505efcf19ae8ad5fa1c4beaea64094eb7ac233da7ede667aac8f21f7d9",
                "sha256:ad2baa5e0b3cfb720fd9ae60df28ce2f0f0861d900919c58cebb21c49abea79f"
            ],
            "index": "pypi",
            "markers": "python_version >= '3.8' and python_version < '4.0'",
            "version": "==2.2b1"
        },
        "packaging": {
            "hashes": [
                "sha256:2ddfb553fdf02fb784c234c7ba6ccc288296ceabec964ad2eae3777778130bc5",
                "sha256:eb82c5e3e56209074766e6885bb04b8c38a0c015d0a30036ebe7ece34c9989e9"
            ],
            "markers": "python_version >= '3.7'",
            "version": "==24.0"
        },
        "psycopg2-binary": {
            "hashes": [
                "sha256:00475004e5ed3e3bf5e056d66e5dcdf41a0dc62efcd57997acd9135c40a08a50",
                "sha256:01ad49d68dd8c5362e4bfb4158f2896dc6e0c02e87b8a3770fc003459f1a4425",
                "sha256:024030b13bdcbd53d8a93891a2cf07719715724fc9fee40243f3bd78b4264b8f",
                "sha256:02551647542f2bf89073d129c73c05a25c372fc0a49aa50e0de65c3c143d8bd0",
                "sha256:043a9fd45a03858ff72364b4b75090679bd875ee44df9c0613dc862ca6b98460",
                "sha256:05b3d479425e047c848b9782cd7aac9c6727ce23181eb9647baf64ffdfc3da41",
                "sha256:0775d6252ccb22b15da3b5d7adbbf8cfe284916b14b6dc0ff503a23edb01ee85",
                "sha256:1764546ffeaed4f9428707be61d68972eb5ede81239b46a45843e0071104d0dd",
                "sha256:1e491e6489a6cb1d079df8eaa15957c277fdedb102b6a68cfbf40c4994412fd0",
                "sha256:212757ffcecb3e1a5338d4e6761bf9c04f750e7d027117e74aa3cd8a75bb6fbd",
                "sha256:215d6bf7e66732a514f47614f828d8c0aaac9a648c46a831955cb103473c7147",
                "sha256:25382c7d174c679ce6927c16b6fbb68b10e56ee44b1acb40671e02d29f2fce7c",
                "sha256:2abccab84d057723d2ca8f99ff7b619285d40da6814d50366f61f0fc385c3903",
                "sha256:2d964eb24c8b021623df1c93c626671420c6efadbdb8655cb2bd5e0c6fa422ba",
                "sha256:2ec46ed947801652c9643e0b1dc334cfb2781232e375ba97312c2fc256597632",
                "sha256:2ef892cabdccefe577088a79580301f09f2a713eb239f4f9f62b2b29cafb0577",
                "sha256:33e632d0885b95a8b97165899006c40e9ecdc634a529dca7b991eb7de4ece41c",
                "sha256:3520d7af1ebc838cc6084a3281145d5cd5bdd43fdef139e6db5af01b92596cb7",
                "sha256:3d790f84201c3698d1bfb404c917f36e40531577a6dda02e45ba29b64d539867",
                "sha256:3fc33295cfccad697a97a76dec3f1e94ad848b7b163c3228c1636977966b51e2",
                "sha256:422e3d43b47ac20141bc84b3d342eead8d8099a62881a501e97d15f6addabfe9",
                "sha256:426c2ae999135d64e6a18849a7d1ad0e1bd007277e4a8f4752eaa40a96b550ff",
                "sha256:46512486be6fbceef51d7660dec017394ba3e170299d1dc30928cbedebbf103a",
                "sha256:46850a640df62ae940e34a163f72e26aca1f88e2da79148e1862faaac985c302",
                "sha256:484405b883630f3e74ed32041a87456c5e0e63a8e3429aa93e8714c366d62bd1",
                "sha256:4e7904d1920c0c89105c0517dc7e3f5c20fb4e56ba9cdef13048db76947f1d79",
                "sha256:56b2957a145f816726b109ee3d4e6822c23f919a7d91af5a94593723ed667835",
                "sha256:5c6527c8efa5226a9e787507652dd5ba97b62d29b53c371a85cd13f957fe4d42",
                "sha256:5cbc554ba47ecca8cd3396ddaca85e1ecfe3e48dd57dc5e415e59551affe568e",
                "sha256:5d28ecdf191db558d0c07d0f16524ee9d67896edf2b7990eea800abeb23ebd61",
                "sha256:5fc447058d083b8c6ac076fc26b446d44f0145308465d745fba93a28c14c9e32",
                "sha256:63e318dbe52709ed10d516a356f22a635e07a2e34c68145484ed96a19b0c4c68",
                "sha256:68d81a2fe184030aa0c5c11e518292e15d342a667184d91e30644c9d533e53e1",
                "sha256:6e63814ec71db9bdb42905c925639f319c80e7909fb76c3b84edc79dadef8d60",
                "sha256:6f8a9bcab7b6db2e3dbf65b214dfc795b4c6b3bb3af922901b6a67f7cb47d5f8",
                "sha256:70831e03bd53702c941da1a1ad36c17d825a24fbb26857b40913d58df82ec18b",
                "sha256:74eddec4537ab1f701a1647214734bc52cee2794df748f6ae5908e00771f180a",
                "sha256:7b3751857da3e224f5629400736a7b11e940b5da5f95fa631d86219a1beaafec",
                "sha256:7cf1d44e710ca3a9ce952bda2855830fe9f9017ed6259e01fcd71ea6287565f5",
                "sha256:7d07f552d1e412f4b4e64ce386d4c777a41da3b33f7098b6219012ba534fb2c2",
                "sha256:7d88db096fa19d94f433420eaaf9f3c45382da2dd014b93e4bf3215639047c16",
                "sha256:7ee3095d02d6f38bd7d9a5358fcc9ea78fcdb7176921528dd709cc63f40184f5",
                "sha256:902844f9c4fb19b17dfa84d9e2ca053d4a4ba265723d62ea5c9c26b38e0aa1e6",
                "sha256:937880290775033a743f4836aa253087b85e62784b63fd099ee725d567a48aa1",
                "sha256:95076399ec3b27a8f7fa1cc9a83417b1c920d55cf7a97f718a94efbb96c7f503",
                "sha256:9c38d3869238e9d3409239bc05bc27d6b7c99c2a460ea337d2814b35fb4fea1b",
                "sha256:9e32cedc389bcb76d9f24ea8a012b3cb8385ee362ea437e1d012ffaed106c17d",
                "sha256:9ffdc51001136b699f9563b1c74cc1f8c07f66ef7219beb6417a4c8aaa896c28",
                "sha256:a0adef094c49f242122bb145c3c8af442070dc0e4312db17e49058c1702606d4",
                "sha256:a36a0e791805aa136e9cbd0ffa040d09adec8610453ee8a753f23481a0057af5",
                "sha256:a7e518a0911c50f60313cb9e74a169a65b5d293770db4770ebf004245f24b5c5",
                "sha256:af0516e1711995cb08dc19bbd05bec7dbdebf4185f68870595156718d237df3e",
                "sha256:b8104f709590fff72af801e916817560dbe1698028cd0afe5a52d75ceb1fce5f",
                "sha256:b911dfb727e247340d36ae20c4b9259e4a64013ab9888ccb3cbba69b77fd9636",
                "sha256:b9a794cef1d9c1772b94a72eec6da144c18e18041d294a9ab47669bc77a80c1d",
                "sha256:b9c33d4aef08dfecbd1736ceab8b7b3c4358bf10a0121483e5cd60d3d308cc64",
                "sha256:b9d38a4656e4e715d637abdf7296e98d6267df0cc0a8e9a016f8ba07e4aa3eeb",
                "sha256:bcda1c84a1c533c528356da5490d464a139b6e84eb77cc0b432e38c5c6dd7882",
                "sha256:bef7e3f9dc6f0c13afdd671008534be5744e0e682fb851584c8c3a025ec09720",
                "sha256:c15ba5982c177bc4b23a7940c7e4394197e2d6a424a2d282e7c236b66da6d896",
                "sha256:c5254cbd4f4855e11cebf678c1a848a3042d455a22a4ce61349c36aafd4c2267",
                "sha256:c5682a45df7d9642eff590abc73157c887a68f016df0a8ad722dcc0f888f56d7",
                "sha256:c5e65c6ac0ae4bf5bef1667029f81010b6017795dcb817ba5c7b8a8d61fab76f",
                "sha256:d4c7b3a31502184e856df1f7bbb2c3735a05a8ce0ade34c5277e1577738a5c91",
                "sha256:d892bfa1d023c3781a3cab8dd5af76b626c483484d782e8bd047c180db590e4c",
                "sha256:dbc332beaf8492b5731229a881807cd7b91b50dbbbaf7fe2faf46942eda64a24",
                "sha256:dc85b3777068ed30aff8242be2813038a929f2084f69e43ef869daddae50f6ee",
                "sha256:e59137cdb970249ae60be2a49774c6dfb015bd0403f05af1fe61862e9626642d",
                "sha256:e67b3c26e9b6d37b370c83aa790bbc121775c57bfb096c2e77eacca25fd0233b",
                "sha256:e72c91bda9880f097c8aa3601a2c0de6c708763ba8128006151f496ca9065935",
                "sha256:f95b8aca2703d6a30249f83f4fe6a9abf2e627aa892a5caaab2267d56be7ab69"
            ],
            "index": "pypi",
            "markers": "python_version >= '3.6'",
            "version": "==2.9.5"
        },
        "python-dateutil": {
            "hashes": [
                "sha256:0123cacc1627ae19ddf3c27a5de5bd67ee4586fbdd6440d9748f8abb483d3e86",
                "sha256:961d03dc3453ebbc59dbdea9e4e11c5651520a876d0f4db161e8674aae935da9"
            ],
            "markers": "python_version >= '2.7' and python_version not in '3.0, 3.1, 3.2, 3.3'",
            "version": "==2.8.2"
        },
        "pytz": {
            "hashes": [
                "sha256:7b4fddbeb94a1eba4b557da24f19fdf9db575192544270a9101d8509f9f43d7b",
                "sha256:ce42d816b81b68506614c11e8937d3aa9e41007ceb50bfdcb0749b921bf646c7"
            ],
            "version": "==2023.3.post1"
        },
        "requests": {
            "hashes": [
                "sha256:58cd2187c01e70e6e26505bca751777aa9f2ee0b7f4300988b709f44e013003f",
                "sha256:942c5a758f98d790eaed1a29cb6eefc7ffb0d1cf7af05c3d2791656dbd6ad1e1"
            ],
            "index": "pypi",
            "markers": "python_version >= '3.7'",
            "version": "==2.31.0"
        },
        "setuptools": {
            "hashes": [
                "sha256:4ac1475276d2f1c48684874089fefcd83bd7162ddaafb81fac866ba0db282a87",
                "sha256:b454a35605876da60632df1a60f736524eb73cc47bbc9f3f1ef1b644de74fd2a"
            ],
            "markers": "python_version >= '3.8'",
            "version": "==68.2.2"
        },
        "six": {
            "hashes": [
                "sha256:1e61c37477a1626458e36f7b1d82aa5c9b094fa4802892072e49de9c60c4c926",
                "sha256:8abb2f1d86890a2dfb989f9a77cfcfd3e47c2a354b01111771326f8aa26e0254"
            ],
            "markers": "python_version >= '2.7' and python_version not in '3.0, 3.1, 3.2, 3.3'",
            "version": "==1.16.0"
        },
        "sqlparse": {
            "hashes": [
                "sha256:5430a4fe2ac7d0f93e66f1efc6e1338a41884b7ddf2a350cedd20ccc4d9d28f3",
                "sha256:d446183e84b8349fa3061f0fe7f06ca94ba65b426946ffebe6e3e8295332420c"
            ],
            "markers": "python_version >= '3.5'",
            "version": "==0.4.4"
        },
        "typing-extensions": {
            "hashes": [
                "sha256:8f92fc8806f9a6b641eaa5318da32b44d401efaac0f6678c9bc448ba3605faa0",
                "sha256:df8e4339e9cb77357558cbdbceca33c303714cf861d1eef15e1070055ae8b7ef"
            ],
            "markers": "python_version < '3.11'",
            "version": "==4.8.0"
        },
        "urllib3": {
            "hashes": [
                "sha256:c97dfde1f7bd43a71c8d2a58e369e9b2bf692d1334ea9f9cae55add7d0dd0f84",
                "sha256:fdb6d215c776278489906c2f8916e6e7d4f5a9b602ccbcfdf7f016fc8da0596e"
            ],
            "index": "pypi",
            "markers": "python_version >= '3.7'",
            "version": "==2.0.7"
        },
        "webob": {
            "hashes": [
                "sha256:73aae30359291c14fa3b956f8b5ca31960e420c28c1bec002547fb04928cf89b",
                "sha256:b64ef5141be559cfade448f044fa45c2260351edcb6a8ef6b7e00c7dcef0c323"
            ],
            "markers": "python_version >= '2.7' and python_version not in '3.0, 3.1, 3.2, 3.3'",
            "version": "==1.8.7"
        },
        "whitenoise": {
            "hashes": [
                "sha256:599dc6ca57e48929dfeffb2e8e187879bfe2aed0d49ca419577005b7f2cc930b",
                "sha256:a02d6660ad161ff17e3042653c8e3f5ecbb2a2481a006bde125b9efb9a30113a"
            ],
            "index": "pypi",
            "markers": "python_version >= '3.7'",
            "version": "==6.4.0"
        }
    },
    "develop": {
        "asgiref": {
            "hashes": [
                "sha256:89b2ef2247e3b562a16eef663bc0e2e703ec6468e2fa8a5cd61cd449786d4f6e",
                "sha256:9e0ce3aa93a819ba5b45120216b23878cf6e8525eb3848653452b4192b92afed"
            ],
            "markers": "python_version >= '3.7'",
            "version": "==3.7.2"
        },
        "astroid": {
            "hashes": [
                "sha256:71ea07f44df9568a75d0f354c49143a4575d90645e9fead6dfb52c26a85ed13a",
                "sha256:840947ebfa8b58f318d42301cf8c0a20fd794a33b61cc4638e28e9e61ba32f42"
            ],
            "markers": "python_version >= '3.5'",
            "version": "==2.3.3"
        },
        "atomicwrites": {
            "hashes": [
                "sha256:81b2c9071a49367a7f770170e5eec8cb66567cfbbc8c73d20ce5ca4a8d71cf11"
            ],
            "version": "==1.4.1"
        },
        "attrs": {
            "hashes": [
                "sha256:1f28b4522cdc2fb4256ac1a020c78acf9cba2c6b461ccd2c126f3aa8e8335d04",
                "sha256:6279836d581513a26f1bf235f9acd333bc9115683f14f7e8fae46c98fc50e015"
            ],
            "markers": "python_version >= '3.7'",
            "version": "==23.1.0"
        },
        "coverage": {
            "hashes": [
                "sha256:0cbf38419fb1a347aaf63481c00f0bdc86889d9fbf3f25109cf96c26b403fda1",
                "sha256:12d15ab5833a997716d76f2ac1e4b4d536814fc213c85ca72756c19e5a6b3d63",
                "sha256:149de1d2401ae4655c436a3dced6dd153f4c3309f599c3d4bd97ab172eaf02d9",
                "sha256:1981f785239e4e39e6444c63a98da3a1db8e971cb9ceb50a945ba6296b43f312",
                "sha256:2443cbda35df0d35dcfb9bf8f3c02c57c1d6111169e3c85fc1fcc05e0c9f39a3",
                "sha256:289fe43bf45a575e3ab10b26d7b6f2ddb9ee2dba447499f5401cfb5ecb8196bb",
                "sha256:2f11cc3c967a09d3695d2a6f03fb3e6236622b93be7a4b5dc09166a861be6d25",
                "sha256:307adb8bd3abe389a471e649038a71b4eb13bfd6b7dd9a129fa856f5c695cf92",
                "sha256:310b3bb9c91ea66d59c53fa4989f57d2436e08f18fb2f421a1b0b6b8cc7fffda",
                "sha256:315a989e861031334d7bee1f9113c8770472db2ac484e5b8c3173428360a9148",
                "sha256:3a4006916aa6fee7cd38db3bfc95aa9c54ebb4ffbfc47c677c8bba949ceba0a6",
                "sha256:3c7bba973ebee5e56fe9251300c00f1579652587a9f4a5ed8404b15a0471f216",
                "sha256:4175e10cc8dda0265653e8714b3174430b07c1dca8957f4966cbd6c2b1b8065a",
                "sha256:43668cabd5ca8258f5954f27a3aaf78757e6acf13c17604d89648ecc0cc66640",
                "sha256:4cbae1051ab791debecc4a5dcc4a1ff45fc27b91b9aee165c8a27514dd160836",
                "sha256:5c913b556a116b8d5f6ef834038ba983834d887d82187c8f73dec21049abd65c",
                "sha256:5f7363d3b6a1119ef05015959ca24a9afc0ea8a02c687fe7e2d557705375c01f",
                "sha256:630b13e3036e13c7adc480ca42fa7afc2a5d938081d28e20903cf7fd687872e2",
                "sha256:72c0cfa5250f483181e677ebc97133ea1ab3eb68645e494775deb6a7f6f83901",
                "sha256:7dbc3ed60e8659bc59b6b304b43ff9c3ed858da2839c78b804973f613d3e92ed",
                "sha256:88ed2c30a49ea81ea3b7f172e0269c182a44c236eb394718f976239892c0a27a",
                "sha256:89a937174104339e3a3ffcf9f446c00e3a806c28b1841c63edb2b369310fd074",
                "sha256:9028a3871280110d6e1aa2df1afd5ef003bab5fb1ef421d6dc748ae1c8ef2ebc",
                "sha256:99b89d9f76070237975b315b3d5f4d6956ae354a4c92ac2388a5695516e47c84",
                "sha256:9f805d62aec8eb92bab5b61c0f07329275b6f41c97d80e847b03eb894f38d083",
                "sha256:a889ae02f43aa45032afe364c8ae84ad3c54828c2faa44f3bfcafecb5c96b02f",
                "sha256:aa72dbaf2c2068404b9870d93436e6d23addd8bbe9295f49cbca83f6e278179c",
                "sha256:ac8c802fa29843a72d32ec56d0ca792ad15a302b28ca6203389afe21f8fa062c",
                "sha256:ae97af89f0fbf373400970c0a21eef5aa941ffeed90aee43650b81f7d7f47637",
                "sha256:af3d828d2c1cbae52d34bdbb22fcd94d1ce715d95f1a012354a75e5913f1bda2",
                "sha256:b4275802d16882cf9c8b3d057a0839acb07ee9379fa2749eca54efbce1535b82",
                "sha256:b4767da59464bb593c07afceaddea61b154136300881844768037fd5e859353f",
                "sha256:b631c92dfe601adf8f5ebc7fc13ced6bb6e9609b19d9a8cd59fa47c4186ad1ce",
                "sha256:be32ad29341b0170e795ca590e1c07e81fc061cb5b10c74ce7203491484404ef",
                "sha256:beaa5c1b4777f03fc63dfd2a6bd820f73f036bfb10e925fce067b00a340d0f3f",
                "sha256:c0ba320de3fb8c6ec16e0be17ee1d3d69adcda99406c43c0409cb5c41788a611",
                "sha256:c9eacf273e885b02a0273bb3a2170f30e2d53a6d53b72dbe02d6701b5296101c",
                "sha256:cb536f0dcd14149425996821a168f6e269d7dcd2c273a8bff8201e79f5104e76",
                "sha256:d1bc430677773397f64a5c88cb522ea43175ff16f8bfcc89d467d974cb2274f9",
                "sha256:d1c88ec1a7ff4ebca0219f5b1ef863451d828cccf889c173e1253aa84b1e07ce",
                "sha256:d3d9df4051c4a7d13036524b66ecf7a7537d14c18a384043f30a303b146164e9",
                "sha256:d51ac2a26f71da1b57f2dc81d0e108b6ab177e7d30e774db90675467c847bbdf",
                "sha256:d872145f3a3231a5f20fd48500274d7df222e291d90baa2026cc5152b7ce86bf",
                "sha256:d8f17966e861ff97305e0801134e69db33b143bbfb36436efb9cfff6ec7b2fd9",
                "sha256:dbc1b46b92186cc8074fee9d9fbb97a9dd06c6cbbef391c2f59d80eabdf0faa6",
                "sha256:e10c39c0452bf6e694511c901426d6b5ac005acc0f78ff265dbe36bf81f808a2",
                "sha256:e267e9e2b574a176ddb983399dec325a80dbe161f1a32715c780b5d14b5f583a",
                "sha256:f47d39359e2c3779c5331fc740cf4bce6d9d680a7b4b4ead97056a0ae07cb49a",
                "sha256:f6e9589bd04d0461a417562649522575d8752904d35c12907d8c9dfeba588faf",
                "sha256:f94b734214ea6a36fe16e96a70d941af80ff3bfd716c141300d95ebc85339738",
                "sha256:fa28e909776dc69efb6ed975a63691bc8172b64ff357e663a1bb06ff3c9b589a",
                "sha256:fe494faa90ce6381770746077243231e0b83ff3f17069d748f645617cefe19d4"
            ],
            "markers": "python_version >= '3.8'",
            "version": "==7.3.2"
        },
        "django": {
            "hashes": [
                "sha256:0fabc786489af16ad87a8c170ba9d42bfd23f7b699bd5ef05675864e8d012859",
                "sha256:72a4a5a136a214c39cf016ccdd6b69e2aa08c7479c66d93f3a9b5e4bb9d8a347"
            ],
            "index": "pypi",
            "markers": "python_version >= '3.6'",
            "version": "==3.1.14"
        },
        "django-extensions": {
            "hashes": [
                "sha256:28e1e1bf49f0e00307ba574d645b0af3564c981a6dfc87209d48cb98f77d0b1a",
                "sha256:9238b9e016bb0009d621e05cf56ea8ce5cce9b32e91ad2026996a7377ca28069"
            ],
            "index": "pypi",
            "markers": "python_version >= '3.6'",
            "version": "==3.1.5"
        },
        "honcho": {
            "hashes": [
                "sha256:a4d6e3a88a7b51b66351ecfc6e9d79d8f4b87351db9ad7e923f5632cc498122f",
                "sha256:c5eca0bded4bef6697a23aec0422fd4f6508ea3581979a3485fc4b89357eb2a9"
            ],
            "index": "pypi",
            "version": "==1.1.0"
        },
        "importlib-metadata": {
            "hashes": [
                "sha256:3ebb78df84a805d7698245025b975d9d67053cd94c79245ba4b3eb694abe68bb",
                "sha256:dbace7892d8c0c4ac1ad096662232f831d4e64f4c4545bd53016a3e9d4654743"
            ],
            "markers": "python_version < '3.10'",
            "version": "==6.8.0"
        },
        "isort": {
            "hashes": [
                "sha256:54da7e92468955c4fceacd0c86bd0ec997b0e1ee80d97f67c35a78b719dccab1",
                "sha256:6e811fcb295968434526407adb8796944f1988c5b65e8139058f2014cbe100fd"
            ],
            "index": "pypi",
            "markers": "python_version >= '2.7' and python_version not in '3.0, 3.1, 3.2, 3.3'",
            "version": "==4.3.21"
        },
        "lazy-object-proxy": {
            "hashes": [
                "sha256:0c4b206227a8097f05c4dbdd323c50edf81f15db3b8dc064d08c62d37e1a504d",
                "sha256:194d092e6f246b906e8f70884e620e459fc54db3259e60cf69a4d66c3fda3449",
                "sha256:1be7e4c9f96948003609aa6c974ae59830a6baecc5376c25c92d7d697e684c08",
                "sha256:4677f594e474c91da97f489fea5b7daa17b5517190899cf213697e48d3902f5a",
                "sha256:48dab84ebd4831077b150572aec802f303117c8cc5c871e182447281ebf3ac50",
                "sha256:5541cada25cd173702dbd99f8e22434105456314462326f06dba3e180f203dfd",
                "sha256:59f79fef100b09564bc2df42ea2d8d21a64fdcda64979c0fa3db7bdaabaf6239",
                "sha256:8d859b89baf8ef7f8bc6b00aa20316483d67f0b1cbf422f5b4dc56701c8f2ffb",
                "sha256:9254f4358b9b541e3441b007a0ea0764b9d056afdeafc1a5569eee1cc6c1b9ea",
                "sha256:9651375199045a358eb6741df3e02a651e0330be090b3bc79f6d0de31a80ec3e",
                "sha256:97bb5884f6f1cdce0099f86b907aa41c970c3c672ac8b9c8352789e103cf3156",
                "sha256:9b15f3f4c0f35727d3a0fba4b770b3c4ebbb1fa907dbcc046a1d2799f3edd142",
                "sha256:a2238e9d1bb71a56cd710611a1614d1194dc10a175c1e08d75e1a7bcc250d442",
                "sha256:a6ae12d08c0bf9909ce12385803a543bfe99b95fe01e752536a60af2b7797c62",
                "sha256:ca0a928a3ddbc5725be2dd1cf895ec0a254798915fb3a36af0964a0a4149e3db",
                "sha256:cb2c7c57005a6804ab66f106ceb8482da55f5314b7fcb06551db1edae4ad1531",
                "sha256:d74bb8693bf9cf75ac3b47a54d716bbb1a92648d5f781fc799347cfc95952383",
                "sha256:d945239a5639b3ff35b70a88c5f2f491913eb94871780ebfabb2568bd58afc5a",
                "sha256:eba7011090323c1dadf18b3b689845fd96a61ba0a1dfbd7f24b921398affc357",
                "sha256:efa1909120ce98bbb3777e8b6f92237f5d5c8ea6758efea36a473e1d38f7d3e4",
                "sha256:f3900e8a5de27447acbf900b4750b0ddfd7ec1ea7fbaf11dfa911141bc522af0"
            ],
            "markers": "python_version >= '2.7' and python_version not in '3.0, 3.1, 3.2, 3.3'",
            "version": "==1.4.3"
        },
        "mccabe": {
            "hashes": [
                "sha256:ab8a6258860da4b6677da4bd2fe5dc2c659cff31b3ee4f7f5d64e79735b80d42",
                "sha256:dd8d182285a0fe56bace7f45b5e7d1a6ebcbf524e8f3bd87eb0f125271b8831f"
            ],
            "version": "==0.6.1"
        },
        "more-itertools": {
            "hashes": [
                "sha256:626c369fa0eb37bac0291bce8259b332fd59ac792fa5497b59837309cd5b114a",
                "sha256:64e0735fcfdc6f3464ea133afe8ea4483b1c5fe3a3d69852e6503b43a0b222e6"
            ],
            "markers": "python_version >= '3.8'",
            "version": "==10.1.0"
        },
        "pluggy": {
            "hashes": [
                "sha256:cf61ae8f126ac6f7c451172cf30e3e43d3ca77615509771b3a984a0730651e12",
                "sha256:d89c696a773f8bd377d18e5ecda92b7a3793cbe66c87060a6fb58c7b6e1061f7"
            ],
            "markers": "python_version >= '3.8'",
            "version": "==1.3.0"
        },
        "py": {
            "hashes": [
                "sha256:51c75c4126074b472f746a24399ad32f6053d1b34b68d2fa41e558e6f4a98719",
                "sha256:607c53218732647dff4acdfcd50cb62615cedf612e72d1724fb1a0cc6405b378"
            ],
            "markers": "python_version >= '2.7' and python_version not in '3.0, 3.1, 3.2, 3.3, 3.4'",
            "version": "==1.11.0"
        },
        "pycodestyle": {
            "hashes": [
                "sha256:347187bdb476329d98f695c213d7295a846d1152ff4fe9bacb8a9590b8ee7053",
                "sha256:8a4eaf0d0495c7395bdab3589ac2db602797d76207242c17d470186815706610"
            ],
            "index": "pypi",
            "markers": "python_version >= '3.6'",
            "version": "==2.10.0"
        },
        "pylint": {
            "hashes": [
                "sha256:3db5468ad013380e987410a8d6956226963aed94ecb5f9d3a28acca6d9ac36cd",
                "sha256:886e6afc935ea2590b462664b161ca9a5e40168ea99e5300935f6591ad467df4"
            ],
            "index": "pypi",
            "markers": "python_version >= '3.5'",
            "version": "==2.4.4"
        },
        "pytest": {
            "hashes": [
                "sha256:3f193df1cfe1d1609d4c583838bea3d532b18d6160fd3f55c9447fdca30848ec",
                "sha256:e246cf173c01169b9617fc07264b7b1316e78d7a650055235d6d897bc80d9660"
            ],
            "index": "pypi",
            "markers": "python_version >= '2.7' and python_version not in '3.0, 3.1, 3.2, 3.3'",
            "version": "==3.10.1"
        },
        "pytest-cov": {
            "hashes": [
                "sha256:b6a814b8ed6247bd81ff47f038511b57fe1ce7f4cc25b9106f1a4b106f1d9322",
                "sha256:c87dfd8465d865655a8213859f1b4749b43448b5fae465cb981e16d52a811424"
            ],
            "index": "pypi",
            "markers": "python_version >= '2.7' and python_version not in '3.0, 3.1, 3.2, 3.3, 3.4'",
            "version": "==2.9.0"
        },
        "pytest-describe": {
            "hashes": [
                "sha256:3e2ea0e77efa09edb98cf90423bf1da21a462ed90bd3120f8f98fe7519a167d5",
                "sha256:95fe78639d4d16c4a1e7d62c70f63030b217c08d2ee6dca49559fe6e730c6696",
                "sha256:cc3862662faa5a6fb721927aaef46b46cf787e4a8163e5459fc8778e650fabad"
            ],
            "index": "pypi",
            "version": "==1.0.0"
        },
        "pytest-django": {
            "hashes": [
                "sha256:4de6dbd077ed8606616958f77655fed0d5e3ee45159475671c7fa67596c6dba6",
                "sha256:c33e3d3da14d8409b125d825d4e74da17bb252191bf6fc3da6856e27a8b73ea4"
            ],
            "index": "pypi",
            "markers": "python_version >= '2.7' and python_version not in '3.0, 3.1, 3.2, 3.3'",
            "version": "==3.10.0"
        },
        "pytest-expecter": {
            "hashes": [
                "sha256:98fe65ecc1ddb7ca29084dc68ec07983dbbdb20b566fd14140b0b5f4b7c84cc8",
                "sha256:be8f3e9f823af6d6713e3f552ed47560061a2fd243a78952180f5df61a2b76a4"
            ],
            "index": "pypi",
            "markers": "python_version >= '3.8' and python_version < '4.0'",
            "version": "==3.0"
        },
        "pytest-randomly": {
            "hashes": [
                "sha256:d60c2db71ac319aee0fc6c4110a7597d611a8b94a5590918bfa8583f00caccb2",
                "sha256:f4f2e803daf5d1ba036cc22bf4fe9dbbf99389ec56b00e5cba732fb5c1d07fdd"
            ],
            "index": "pypi",
            "markers": "python_version >= '3.7'",
            "version": "==3.12.0"
        },
        "pytz": {
            "hashes": [
                "sha256:7b4fddbeb94a1eba4b557da24f19fdf9db575192544270a9101d8509f9f43d7b",
                "sha256:ce42d816b81b68506614c11e8937d3aa9e41007ceb50bfdcb0749b921bf646c7"
            ],
            "version": "==2023.3.post1"
        },
        "setuptools": {
            "hashes": [
                "sha256:4ac1475276d2f1c48684874089fefcd83bd7162ddaafb81fac866ba0db282a87",
                "sha256:b454a35605876da60632df1a60f736524eb73cc47bbc9f3f1ef1b644de74fd2a"
            ],
            "markers": "python_version >= '3.8'",
            "version": "==68.2.2"
        },
        "six": {
            "hashes": [
                "sha256:1e61c37477a1626458e36f7b1d82aa5c9b094fa4802892072e49de9c60c4c926",
                "sha256:8abb2f1d86890a2dfb989f9a77cfcfd3e47c2a354b01111771326f8aa26e0254"
            ],
            "markers": "python_version >= '2.7' and python_version not in '3.0, 3.1, 3.2, 3.3'",
            "version": "==1.16.0"
        },
        "sqlparse": {
            "hashes": [
                "sha256:5430a4fe2ac7d0f93e66f1efc6e1338a41884b7ddf2a350cedd20ccc4d9d28f3",
                "sha256:d446183e84b8349fa3061f0fe7f06ca94ba65b426946ffebe6e3e8295332420c"
            ],
            "markers": "python_version >= '3.5'",
            "version": "==0.4.4"
        },
        "typing-extensions": {
            "hashes": [
                "sha256:8f92fc8806f9a6b641eaa5318da32b44d401efaac0f6678c9bc448ba3605faa0",
                "sha256:df8e4339e9cb77357558cbdbceca33c303714cf861d1eef15e1070055ae8b7ef"
            ],
            "markers": "python_version < '3.11'",
            "version": "==4.8.0"
        },
        "watchdog": {
            "hashes": [
                "sha256:0e06ab8858a76e1219e68c7573dfeba9dd1c0219476c5a44d5333b01d7e1743a",
                "sha256:13bbbb462ee42ec3c5723e1205be8ced776f05b100e4737518c67c8325cf6100",
                "sha256:233b5817932685d39a7896b1090353fc8efc1ef99c9c054e46c8002561252fb8",
                "sha256:25f70b4aa53bd743729c7475d7ec41093a580528b100e9a8c5b5efe8899592fc",
                "sha256:2b57a1e730af3156d13b7fdddfc23dea6487fceca29fc75c5a868beed29177ae",
                "sha256:336adfc6f5cc4e037d52db31194f7581ff744b67382eb6021c868322e32eef41",
                "sha256:3aa7f6a12e831ddfe78cdd4f8996af9cf334fd6346531b16cec61c3b3c0d8da0",
                "sha256:3ed7c71a9dccfe838c2f0b6314ed0d9b22e77d268c67e015450a29036a81f60f",
                "sha256:4c9956d27be0bb08fc5f30d9d0179a855436e655f046d288e2bcc11adfae893c",
                "sha256:4d98a320595da7a7c5a18fc48cb633c2e73cda78f93cac2ef42d42bf609a33f9",
                "sha256:4f94069eb16657d2c6faada4624c39464f65c05606af50bb7902e036e3219be3",
                "sha256:5113334cf8cf0ac8cd45e1f8309a603291b614191c9add34d33075727a967709",
                "sha256:51f90f73b4697bac9c9a78394c3acbbd331ccd3655c11be1a15ae6fe289a8c83",
                "sha256:5d9f3a10e02d7371cd929b5d8f11e87d4bad890212ed3901f9b4d68767bee759",
                "sha256:7ade88d0d778b1b222adebcc0927428f883db07017618a5e684fd03b83342bd9",
                "sha256:7c5f84b5194c24dd573fa6472685b2a27cc5a17fe5f7b6fd40345378ca6812e3",
                "sha256:7e447d172af52ad204d19982739aa2346245cc5ba6f579d16dac4bfec226d2e7",
                "sha256:8ae9cda41fa114e28faf86cb137d751a17ffd0316d1c34ccf2235e8a84365c7f",
                "sha256:8f3ceecd20d71067c7fd4c9e832d4e22584318983cabc013dbf3f70ea95de346",
                "sha256:9fac43a7466eb73e64a9940ac9ed6369baa39b3bf221ae23493a9ec4d0022674",
                "sha256:a70a8dcde91be523c35b2bf96196edc5730edb347e374c7de7cd20c43ed95397",
                "sha256:adfdeab2da79ea2f76f87eb42a3ab1966a5313e5a69a0213a3cc06ef692b0e96",
                "sha256:ba07e92756c97e3aca0912b5cbc4e5ad802f4557212788e72a72a47ff376950d",
                "sha256:c07253088265c363d1ddf4b3cdb808d59a0468ecd017770ed716991620b8f77a",
                "sha256:c9d8c8ec7efb887333cf71e328e39cffbf771d8f8f95d308ea4125bf5f90ba64",
                "sha256:d00e6be486affb5781468457b21a6cbe848c33ef43f9ea4a73b4882e5f188a44",
                "sha256:d429c2430c93b7903914e4db9a966c7f2b068dd2ebdd2fa9b9ce094c7d459f33"
            ],
            "index": "pypi",
            "markers": "python_version >= '3.7'",
            "version": "==3.0.0"
        },
        "wrapt": {
            "hashes": [
                "sha256:565a021fd19419476b9362b05eeaa094178de64f8361e44468f9e9d7843901e1"
            ],
            "version": "==1.11.2"
        },
        "zipp": {
            "hashes": [
                "sha256:0e923e726174922dce09c53c59ad483ff7bbb8e572e00c7f7c46b88556409f31",
                "sha256:84e64a1c28cf7e91ed2078bb8cc8c259cb19b76942096c8d7b84947690cabaf0"
            ],
            "markers": "python_version >= '3.8'",
            "version": "==3.17.0"
        }
    }
}
